
Microsoft Visual Studio Solution File, Format Version 12.00
# Visual Studio Version 16
VisualStudioVersion = 16.0.32602.291
MinimumVisualStudioVersion = 10.0.40219.1
Project("{9A19103F-16F7-4668-BE54-9A1E7A4F7556}") = "asp.net.solution", "asp.net.solution\asp.net.solution.csproj", "{94D8598F-8D90-4EEF-9D9F-781C7B289D16}"
EndProject
Project("{2150E333-8FDC-42A3-9474-1A3956D46DE8}") = "Solution Items", "Solution Items", "{9B641CBD-2A51-4F39-9130-8A053E5CC27F}"
	ProjectSection(SolutionItems) = preProject
		..\.github\workflows\dotnet.yml = ..\.github\workflows\dotnet.yml
	EndProjectSection
EndProject
Global
	GlobalSection(SolutionConfigurationPlatforms) = preSolution
		Debug|Any CPU = Debug|Any CPU
		Release|Any CPU = Release|Any CPU
	EndGlobalSection
	GlobalSection(ProjectConfigurationPlatforms) = postSolution
		{94D8598F-8D90-4EEF-9D9F-781C7B289D16}.Debug|Any CPU.ActiveCfg = Debug|Any CPU
		{94D8598F-8D90-4EEF-9D9F-781C7B289D16}.Debug|Any CPU.Build.0 = Debug|Any CPU
		{94D8598F-8D90-4EEF-9D9F-781C7B289D16}.Release|Any CPU.ActiveCfg = Release|Any CPU
		{94D8598F-8D90-4EEF-9D9F-781C7B289D16}.Release|Any CPU.Build.0 = Release|Any CPU
	EndGlobalSection
	GlobalSection(SolutionProperties) = preSolution
		HideSolutionNode = FALSE
	EndGlobalSection
	GlobalSection(ExtensibilityGlobals) = postSolution
		SolutionGuid = {33FF8527-8A63-49BF-9209-92B51871BA33}
	EndGlobalSection
EndGlobal
